
Microsoft Visual Studio Solution File, Format Version 12.00
# Visual Studio Version 16
VisualStudioVersion = 16.0.32002.261
MinimumVisualStudioVersion = 10.0.40219.1
Project("{9A19103F-16F7-4668-BE54-9A1E7A4F7556}") = "Calculator", "Calculator\Calculator.csproj", "{16132CBB-F157-4DF9-A2C1-2DB138FC4BDB}"
EndProject
Project("{9A19103F-16F7-4668-BE54-9A1E7A4F7556}") = "CalculatorTests", "CalculatorTests\CalculatorTests.csproj", "{57ADC8E8-5C62-4C48-87B8-CBAC3DA1EE3E}"
EndProject
Global
	GlobalSection(SolutionConfigurationPlatforms) = preSolution
		Debug|Any CPU = Debug|Any CPU
		Release|Any CPU = Release|Any CPU
	EndGlobalSection
	GlobalSection(ProjectConfigurationPlatforms) = postSolution
		{16132CBB-F157-4DF9-A2C1-2DB138FC4BDB}.Debug|Any CPU.ActiveCfg = Debug|Any CPU
		{16132CBB-F157-4DF9-A2C1-2DB138FC4BDB}.Debug|Any CPU.Build.0 = Debug|Any CPU
		{16132CBB-F157-4DF9-A2C1-2DB138FC4BDB}.Release|Any CPU.ActiveCfg = Release|Any CPU
		{16132CBB-F157-4DF9-A2C1-2DB138FC4BDB}.Release|Any CPU.Build.0 = Release|Any CPU
		{57ADC8E8-5C62-4C48-87B8-CBAC3DA1EE3E}.Debug|Any CPU.ActiveCfg = Debug|Any CPU
		{57ADC8E8-5C62-4C48-87B8-CBAC3DA1EE3E}.Debug|Any CPU.Build.0 = Debug|Any CPU
		{57ADC8E8-5C62-4C48-87B8-CBAC3DA1EE3E}.Release|Any CPU.ActiveCfg = Release|Any CPU
		{57ADC8E8-5C62-4C48-87B8-CBAC3DA1EE3E}.Release|Any CPU.Build.0 = Release|Any CPU
	EndGlobalSection
	GlobalSection(SolutionProperties) = preSolution
		HideSolutionNode = FALSE
	EndGlobalSection
	GlobalSection(ExtensibilityGlobals) = postSolution
		SolutionGuid = {802CD109-0E98-4334-B574-31443E3D3327}
	EndGlobalSection
EndGlobal
